{
  "name": "static",
  "version": "1.0.0",
  "lockfileVersion": 1,
  "requires": true,
  "dependencies": {
    "materialize-css": {
      "version": "1.0.0-rc.1",
      "resolved": "https://registry.npmjs.org/materialize-css/-/materialize-css-1.0.0-rc.1.tgz",
      "integrity": "sha512-YzxLgNrkaE6QKMtrjZG3ogQy64S23u3aXvwGEt5JBoGpI1jni9WIM3U8xhuZUtgUjHuCMdRqrRnA5BtUrV0wrg=="
    }
  }
}
